// !$*UTF8*$!
{
	archiveVersion = 1;
	classes = {
	};
	objectVersion = 46;
	objects = {

/* Begin PBXBuildFile section */
		811C38E91A38DEFC00C7DC69 /* GLInternalModes.h in Headers */ = {isa = PBXBuildFile; fileRef = 811C38E51A38DEFC00C7DC69 /* GLInternalModes.h */; settings = {ATTRIBUTES = (Public, ); }; };
		811C38EA1A38DEFC00C7DC69 /* GLInternalModes.h in Headers */ = {isa = PBXBuildFile; fileRef = 811C38E51A38DEFC00C7DC69 /* GLInternalModes.h */; settings = {ATTRIBUTES = (Public, ); }; };
		811C38EB1A38DEFC00C7DC69 /* GLInternalModes.m in Sources */ = {isa = PBXBuildFile; fileRef = 811C38E61A38DEFC00C7DC69 /* GLInternalModes.m */; };
		811C38EC1A38DEFC00C7DC69 /* GLInternalModes.m in Sources */ = {isa = PBXBuildFile; fileRef = 811C38E61A38DEFC00C7DC69 /* GLInternalModes.m */; };
		811C38ED1A38DEFC00C7DC69 /* GLInternalWaveInitialization.h in Headers */ = {isa = PBXBuildFile; fileRef = 811C38E71A38DEFC00C7DC69 /* GLInternalWaveInitialization.h */; settings = {ATTRIBUTES = (Public, ); }; };
		811C38EE1A38DEFC00C7DC69 /* GLInternalWaveInitialization.h in Headers */ = {isa = PBXBuildFile; fileRef = 811C38E71A38DEFC00C7DC69 /* GLInternalWaveInitialization.h */; settings = {ATTRIBUTES = (Public, ); }; };
		811C38EF1A38DEFC00C7DC69 /* GLInternalWaveInitialization.m in Sources */ = {isa = PBXBuildFile; fileRef = 811C38E81A38DEFC00C7DC69 /* GLInternalWaveInitialization.m */; };
		811C38F01A38DEFC00C7DC69 /* GLInternalWaveInitialization.m in Sources */ = {isa = PBXBuildFile; fileRef = 811C38E81A38DEFC00C7DC69 /* GLInternalWaveInitialization.m */; };
		8187734919DDB234007E5DA3 /* GLOceanKit.h in Headers */ = {isa = PBXBuildFile; fileRef = 8187734819DDB234007E5DA3 /* GLOceanKit.h */; settings = {ATTRIBUTES = (Public, ); }; };
		8187734F19DDB234007E5DA3 /* GLOceanKit.framework in Frameworks */ = {isa = PBXBuildFile; fileRef = 8187734319DDB234007E5DA3 /* GLOceanKit.framework */; };
		8187735619DDB234007E5DA3 /* GLOceanKitTests.m in Sources */ = {isa = PBXBuildFile; fileRef = 8187735519DDB234007E5DA3 /* GLOceanKitTests.m */; };
		8187736019DDB3AD007E5DA3 /* GLNumericalModelingKit.framework in Frameworks */ = {isa = PBXBuildFile; fileRef = 8187735F19DDB3AD007E5DA3 /* GLNumericalModelingKit.framework */; };
		8187736819DDB421007E5DA3 /* GLOceanKit.h in Headers */ = {isa = PBXBuildFile; fileRef = 8187736719DDB421007E5DA3 /* GLOceanKit.h */; settings = {ATTRIBUTES = (Public, ); }; };
		8187737019DDB421007E5DA3 /* GLOceanKit.dylib in Frameworks */ = {isa = PBXBuildFile; fileRef = 8187736519DDB421007E5DA3 /* GLOceanKit.dylib */; };
		8187738019DDB713007E5DA3 /* Quasigeostrophy2D.h in Headers */ = {isa = PBXBuildFile; fileRef = 8187737E19DDB713007E5DA3 /* Quasigeostrophy2D.h */; settings = {ATTRIBUTES = (Public, ); }; };
		8187738119DDB713007E5DA3 /* Quasigeostrophy2D.h in Headers */ = {isa = PBXBuildFile; fileRef = 8187737E19DDB713007E5DA3 /* Quasigeostrophy2D.h */; settings = {ATTRIBUTES = (Public, ); }; };
		8187738219DDB713007E5DA3 /* Quasigeostrophy2D.m in Sources */ = {isa = PBXBuildFile; fileRef = 8187737F19DDB713007E5DA3 /* Quasigeostrophy2D.m */; };
		8187738319DDB713007E5DA3 /* Quasigeostrophy2D.m in Sources */ = {isa = PBXBuildFile; fileRef = 8187737F19DDB713007E5DA3 /* Quasigeostrophy2D.m */; };
		81D9E06F19E5EB5E00C34EFD /* GLNumericalModelingKit.dylib in Frameworks */ = {isa = PBXBuildFile; fileRef = 81D9E06E19E5EB5E00C34EFD /* GLNumericalModelingKit.dylib */; };
/* End PBXBuildFile section */

/* Begin PBXContainerItemProxy section */
		8187735019DDB234007E5DA3 /* PBXContainerItemProxy */ = {
			isa = PBXContainerItemProxy;
			containerPortal = 8187733A19DDB233007E5DA3 /* Project object */;
			proxyType = 1;
			remoteGlobalIDString = 8187734219DDB234007E5DA3;
			remoteInfo = GLOceanKit;
		};
		8187737119DDB421007E5DA3 /* PBXContainerItemProxy */ = {
			isa = PBXContainerItemProxy;
			containerPortal = 8187733A19DDB233007E5DA3 /* Project object */;
			proxyType = 1;
			remoteGlobalIDString = 8187736419DDB421007E5DA3;
			remoteInfo = GLOceanKit;
		};
/* End PBXContainerItemProxy section */

/* Begin PBXFileReference section */
		811C38E51A38DEFC00C7DC69 /* GLInternalModes.h */ = {isa = PBXFileReference; fileEncoding = 4; lastKnownFileType = sourcecode.c.h; path = GLInternalModes.h; sourceTree = "<group>"; };
		811C38E61A38DEFC00C7DC69 /* GLInternalModes.m */ = {isa = PBXFileReference; fileEncoding = 4; lastKnownFileType = sourcecode.c.objc; path = GLInternalModes.m; sourceTree = "<group>"; };
		811C38E71A38DEFC00C7DC69 /* GLInternalWaveInitialization.h */ = {isa = PBXFileReference; fileEncoding = 4; lastKnownFileType = sourcecode.c.h; path = GLInternalWaveInitialization.h; sourceTree = "<group>"; };
		811C38E81A38DEFC00C7DC69 /* GLInternalWaveInitialization.m */ = {isa = PBXFileReference; fileEncoding = 4; lastKnownFileType = sourcecode.c.objc; path = GLInternalWaveInitialization.m; sourceTree = "<group>"; };
		8187734319DDB234007E5DA3 /* GLOceanKit.framework */ = {isa = PBXFileReference; explicitFileType = wrapper.framework; includeInIndex = 0; path = GLOceanKit.framework; sourceTree = BUILT_PRODUCTS_DIR; };
		8187734719DDB234007E5DA3 /* Info.plist */ = {isa = PBXFileReference; lastKnownFileType = text.plist.xml; path = Info.plist; sourceTree = "<group>"; };
		8187734819DDB234007E5DA3 /* GLOceanKit.h */ = {isa = PBXFileReference; lastKnownFileType = sourcecode.c.h; path = GLOceanKit.h; sourceTree = "<group>"; };
		8187734E19DDB234007E5DA3 /* GLOceanKitTests.xctest */ = {isa = PBXFileReference; explicitFileType = wrapper.cfbundle; includeInIndex = 0; path = GLOceanKitTests.xctest; sourceTree = BUILT_PRODUCTS_DIR; };
		8187735419DDB234007E5DA3 /* Info.plist */ = {isa = PBXFileReference; lastKnownFileType = text.plist.xml; path = Info.plist; sourceTree = "<group>"; };
		8187735519DDB234007E5DA3 /* GLOceanKitTests.m */ = {isa = PBXFileReference; lastKnownFileType = sourcecode.c.objc; path = GLOceanKitTests.m; sourceTree = "<group>"; };
		8187735F19DDB3AD007E5DA3 /* GLNumericalModelingKit.framework */ = {isa = PBXFileReference; lastKnownFileType = wrapper.framework; path = GLNumericalModelingKit.framework; sourceTree = BUILT_PRODUCTS_DIR; };
		8187736519DDB421007E5DA3 /* GLOceanKit.dylib */ = {isa = PBXFileReference; explicitFileType = "compiled.mach-o.dylib"; includeInIndex = 0; path = GLOceanKit.dylib; sourceTree = BUILT_PRODUCTS_DIR; };
		8187736719DDB421007E5DA3 /* GLOceanKit.h */ = {isa = PBXFileReference; lastKnownFileType = sourcecode.c.h; path = GLOceanKit.h; sourceTree = "<group>"; };
		8187736F19DDB421007E5DA3 /* GLOceanKitTests.xctest */ = {isa = PBXFileReference; explicitFileType = wrapper.cfbundle; includeInIndex = 0; path = GLOceanKitTests.xctest; sourceTree = BUILT_PRODUCTS_DIR; };
		8187737519DDB421007E5DA3 /* Info.plist */ = {isa = PBXFileReference; lastKnownFileType = text.plist.xml; path = Info.plist; sourceTree = "<group>"; };
		8187737C19DDB438007E5DA3 /* GLNumericalModelingKit.dylib */ = {isa = PBXFileReference; lastKnownFileType = "compiled.mach-o.dylib"; name = GLNumericalModelingKit.dylib; path = "../../../Library/Developer/Xcode/DerivedData/GLOceanKit-epgesgudyakbnpcqqfvxlsemhjhd/Build/Products/Debug/GLNumericalModelingKit.dylib"; sourceTree = "<group>"; };
		8187737E19DDB713007E5DA3 /* Quasigeostrophy2D.h */ = {isa = PBXFileReference; fileEncoding = 4; lastKnownFileType = sourcecode.c.h; path = Quasigeostrophy2D.h; sourceTree = "<group>"; };
		8187737F19DDB713007E5DA3 /* Quasigeostrophy2D.m */ = {isa = PBXFileReference; fileEncoding = 4; lastKnownFileType = sourcecode.c.objc; path = Quasigeostrophy2D.m; sourceTree = "<group>"; };
		81D9E06E19E5EB5E00C34EFD /* GLNumericalModelingKit.dylib */ = {isa = PBXFileReference; lastKnownFileType = "compiled.mach-o.dylib"; path = GLNumericalModelingKit.dylib; sourceTree = BUILT_PRODUCTS_DIR; };
/* End PBXFileReference section */

/* Begin PBXFrameworksBuildPhase section */
		8187733F19DDB234007E5DA3 /* Frameworks */ = {
			isa = PBXFrameworksBuildPhase;
			buildActionMask = 2147483647;
			files = (
				8187736019DDB3AD007E5DA3 /* GLNumericalModelingKit.framework in Frameworks */,
			);
			runOnlyForDeploymentPostprocessing = 0;
		};
		8187734B19DDB234007E5DA3 /* Frameworks */ = {
			isa = PBXFrameworksBuildPhase;
			buildActionMask = 2147483647;
			files = (
				8187734F19DDB234007E5DA3 /* GLOceanKit.framework in Frameworks */,
			);
			runOnlyForDeploymentPostprocessing = 0;
		};
		8187736219DDB421007E5DA3 /* Frameworks */ = {
			isa = PBXFrameworksBuildPhase;
			buildActionMask = 2147483647;
			files = (
				81D9E06F19E5EB5E00C34EFD /* GLNumericalModelingKit.dylib in Frameworks */,
			);
			runOnlyForDeploymentPostprocessing = 0;
		};
		8187736C19DDB421007E5DA3 /* Frameworks */ = {
			isa = PBXFrameworksBuildPhase;
			buildActionMask = 2147483647;
			files = (
				8187737019DDB421007E5DA3 /* GLOceanKit.dylib in Frameworks */,
			);
			runOnlyForDeploymentPostprocessing = 0;
		};
/* End PBXFrameworksBuildPhase section */

/* Begin PBXGroup section */
		8187733919DDB233007E5DA3 = {
			isa = PBXGroup;
			children = (
				81D9E06E19E5EB5E00C34EFD /* GLNumericalModelingKit.dylib */,
				8187737C19DDB438007E5DA3 /* GLNumericalModelingKit.dylib */,
				8187734519DDB234007E5DA3 /* GLOceanKit */,
				8187735219DDB234007E5DA3 /* GLOceanKitTests */,
				8187736619DDB421007E5DA3 /* GLOceanKit */,
				8187737319DDB421007E5DA3 /* GLOceanKitTests */,
				8187734419DDB234007E5DA3 /* Products */,
				8187735F19DDB3AD007E5DA3 /* GLNumericalModelingKit.framework */,
			);
			sourceTree = "<group>";
		};
		8187734419DDB234007E5DA3 /* Products */ = {
			isa = PBXGroup;
			children = (
				8187734319DDB234007E5DA3 /* GLOceanKit.framework */,
				8187734E19DDB234007E5DA3 /* GLOceanKitTests.xctest */,
				8187736519DDB421007E5DA3 /* GLOceanKit.dylib */,
				8187736F19DDB421007E5DA3 /* GLOceanKitTests.xctest */,
			);
			name = Products;
			sourceTree = "<group>";
		};
		8187734519DDB234007E5DA3 /* GLOceanKit */ = {
			isa = PBXGroup;
			children = (
				8187734819DDB234007E5DA3 /* GLOceanKit.h */,
				8187737E19DDB713007E5DA3 /* Quasigeostrophy2D.h */,
				8187737F19DDB713007E5DA3 /* Quasigeostrophy2D.m */,
				811C38E51A38DEFC00C7DC69 /* GLInternalModes.h */,
				811C38E61A38DEFC00C7DC69 /* GLInternalModes.m */,
				811C38E71A38DEFC00C7DC69 /* GLInternalWaveInitialization.h */,
				811C38E81A38DEFC00C7DC69 /* GLInternalWaveInitialization.m */,
				8187734619DDB234007E5DA3 /* Supporting Files */,
			);
			path = GLOceanKit;
			sourceTree = "<group>";
		};
		8187734619DDB234007E5DA3 /* Supporting Files */ = {
			isa = PBXGroup;
			children = (
				8187734719DDB234007E5DA3 /* Info.plist */,
			);
			name = "Supporting Files";
			sourceTree = "<group>";
		};
		8187735219DDB234007E5DA3 /* GLOceanKitTests */ = {
			isa = PBXGroup;
			children = (
				8187735519DDB234007E5DA3 /* GLOceanKitTests.m */,
				8187735319DDB234007E5DA3 /* Supporting Files */,
			);
			path = GLOceanKitTests;
			sourceTree = "<group>";
		};
		8187735319DDB234007E5DA3 /* Supporting Files */ = {
			isa = PBXGroup;
			children = (
				8187735419DDB234007E5DA3 /* Info.plist */,
			);
			name = "Supporting Files";
			sourceTree = "<group>";
		};
		8187736619DDB421007E5DA3 /* GLOceanKit */ = {
			isa = PBXGroup;
			children = (
				8187736719DDB421007E5DA3 /* GLOceanKit.h */,
			);
			path = GLOceanKit;
			sourceTree = "<group>";
		};
		8187737319DDB421007E5DA3 /* GLOceanKitTests */ = {
			isa = PBXGroup;
			children = (
				8187737419DDB421007E5DA3 /* Supporting Files */,
			);
			path = GLOceanKitTests;
			sourceTree = "<group>";
		};
		8187737419DDB421007E5DA3 /* Supporting Files */ = {
			isa = PBXGroup;
			children = (
				8187737519DDB421007E5DA3 /* Info.plist */,
			);
			name = "Supporting Files";
			sourceTree = "<group>";
		};
/* End PBXGroup section */

/* Begin PBXHeadersBuildPhase section */
		8187734019DDB234007E5DA3 /* Headers */ = {
			isa = PBXHeadersBuildPhase;
			buildActionMask = 2147483647;
			files = (
				8187738019DDB713007E5DA3 /* Quasigeostrophy2D.h in Headers */,
				811C38E91A38DEFC00C7DC69 /* GLInternalModes.h in Headers */,
				8187734919DDB234007E5DA3 /* GLOceanKit.h in Headers */,
				811C38ED1A38DEFC00C7DC69 /* GLInternalWaveInitialization.h in Headers */,
			);
			runOnlyForDeploymentPostprocessing = 0;
		};
		8187736319DDB421007E5DA3 /* Headers */ = {
			isa = PBXHeadersBuildPhase;
			buildActionMask = 2147483647;
			files = (
				8187738119DDB713007E5DA3 /* Quasigeostrophy2D.h in Headers */,
				811C38EA1A38DEFC00C7DC69 /* GLInternalModes.h in Headers */,
				8187736819DDB421007E5DA3 /* GLOceanKit.h in Headers */,
				811C38EE1A38DEFC00C7DC69 /* GLInternalWaveInitialization.h in Headers */,
			);
			runOnlyForDeploymentPostprocessing = 0;
		};
/* End PBXHeadersBuildPhase section */

/* Begin PBXNativeTarget section */
		8187734219DDB234007E5DA3 /* GLOceanKitFramework */ = {
			isa = PBXNativeTarget;
			buildConfigurationList = 8187735919DDB234007E5DA3 /* Build configuration list for PBXNativeTarget "GLOceanKitFramework" */;
			buildPhases = (
				8187733E19DDB234007E5DA3 /* Sources */,
				8187733F19DDB234007E5DA3 /* Frameworks */,
				8187734019DDB234007E5DA3 /* Headers */,
				8187734119DDB234007E5DA3 /* Resources */,
			);
			buildRules = (
			);
			dependencies = (
			);
			name = GLOceanKitFramework;
			productName = GLOceanKit;
			productReference = 8187734319DDB234007E5DA3 /* GLOceanKit.framework */;
			productType = "com.apple.product-type.framework";
		};
		8187734D19DDB234007E5DA3 /* GLOceanKitTests */ = {
			isa = PBXNativeTarget;
			buildConfigurationList = 8187735C19DDB234007E5DA3 /* Build configuration list for PBXNativeTarget "GLOceanKitTests" */;
			buildPhases = (
				8187734A19DDB234007E5DA3 /* Sources */,
				8187734B19DDB234007E5DA3 /* Frameworks */,
				8187734C19DDB234007E5DA3 /* Resources */,
			);
			buildRules = (
			);
			dependencies = (
				8187735119DDB234007E5DA3 /* PBXTargetDependency */,
			);
			name = GLOceanKitTests;
			productName = GLOceanKitTests;
			productReference = 8187734E19DDB234007E5DA3 /* GLOceanKitTests.xctest */;
			productType = "com.apple.product-type.bundle.unit-test";
		};
		8187736419DDB421007E5DA3 /* GLOceanKit */ = {
			isa = PBXNativeTarget;
			buildConfigurationList = 8187737619DDB421007E5DA3 /* Build configuration list for PBXNativeTarget "GLOceanKit" */;
			buildPhases = (
				8187736119DDB421007E5DA3 /* Sources */,
				8187736219DDB421007E5DA3 /* Frameworks */,
				8187736319DDB421007E5DA3 /* Headers */,
			);
			buildRules = (
			);
			dependencies = (
			);
			name = GLOceanKit;
			productName = GLOceanKit;
			productReference = 8187736519DDB421007E5DA3 /* GLOceanKit.dylib */;
			productType = "com.apple.product-type.library.dynamic";
		};
		8187736E19DDB421007E5DA3 /* GLOceanKitTests */ = {
			isa = PBXNativeTarget;
			buildConfigurationList = 8187737919DDB421007E5DA3 /* Build configuration list for PBXNativeTarget "GLOceanKitTests" */;
			buildPhases = (
				8187736B19DDB421007E5DA3 /* Sources */,
				8187736C19DDB421007E5DA3 /* Frameworks */,
				8187736D19DDB421007E5DA3 /* Resources */,
			);
			buildRules = (
			);
			dependencies = (
				8187737219DDB421007E5DA3 /* PBXTargetDependency */,
			);
			name = GLOceanKitTests;
			productName = GLOceanKitTests;
			productReference = 8187736F19DDB421007E5DA3 /* GLOceanKitTests.xctest */;
			productType = "com.apple.product-type.bundle.unit-test";
		};
/* End PBXNativeTarget section */

/* Begin PBXProject section */
		8187733A19DDB233007E5DA3 /* Project object */ = {
			isa = PBXProject;
			attributes = {
				LastUpgradeCheck = 0600;
				ORGANIZATIONNAME = "Jeffrey J. Early";
				TargetAttributes = {
					8187734219DDB234007E5DA3 = {
						CreatedOnToolsVersion = 6.1;
					};
					8187734D19DDB234007E5DA3 = {
						CreatedOnToolsVersion = 6.1;
					};
					8187736419DDB421007E5DA3 = {
						CreatedOnToolsVersion = 6.1;
					};
					8187736E19DDB421007E5DA3 = {
						CreatedOnToolsVersion = 6.1;
					};
				};
			};
			buildConfigurationList = 8187733D19DDB233007E5DA3 /* Build configuration list for PBXProject "GLOceanKit" */;
			compatibilityVersion = "Xcode 3.2";
			developmentRegion = English;
			hasScannedForEncodings = 0;
			knownRegions = (
				en,
			);
			mainGroup = 8187733919DDB233007E5DA3;
			productRefGroup = 8187734419DDB234007E5DA3 /* Products */;
			projectDirPath = "";
			projectRoot = "";
			targets = (
				8187734219DDB234007E5DA3 /* GLOceanKitFramework */,
				8187734D19DDB234007E5DA3 /* GLOceanKitTests */,
				8187736419DDB421007E5DA3 /* GLOceanKit */,
				8187736E19DDB421007E5DA3 /* GLOceanKitTests */,
			);
		};
/* End PBXProject section */

/* Begin PBXResourcesBuildPhase section */
		8187734119DDB234007E5DA3 /* Resources */ = {
			isa = PBXResourcesBuildPhase;
			buildActionMask = 2147483647;
			files = (
			);
			runOnlyForDeploymentPostprocessing = 0;
		};
		8187734C19DDB234007E5DA3 /* Resources */ = {
			isa = PBXResourcesBuildPhase;
			buildActionMask = 2147483647;
			files = (
			);
			runOnlyForDeploymentPostprocessing = 0;
		};
		8187736D19DDB421007E5DA3 /* Resources */ = {
			isa = PBXResourcesBuildPhase;
			buildActionMask = 2147483647;
			files = (
			);
			runOnlyForDeploymentPostprocessing = 0;
		};
/* End PBXResourcesBuildPhase section */

/* Begin PBXSourcesBuildPhase section */
		8187733E19DDB234007E5DA3 /* Sources */ = {
			isa = PBXSourcesBuildPhase;
			buildActionMask = 2147483647;
			files = (
				811C38EB1A38DEFC00C7DC69 /* GLInternalModes.m in Sources */,
				811C38EF1A38DEFC00C7DC69 /* GLInternalWaveInitialization.m in Sources */,
				8187738219DDB713007E5DA3 /* Quasigeostrophy2D.m in Sources */,
			);
			runOnlyForDeploymentPostprocessing = 0;
		};
		8187734A19DDB234007E5DA3 /* Sources */ = {
			isa = PBXSourcesBuildPhase;
			buildActionMask = 2147483647;
			files = (
				8187735619DDB234007E5DA3 /* GLOceanKitTests.m in Sources */,
			);
			runOnlyForDeploymentPostprocessing = 0;
		};
		8187736119DDB421007E5DA3 /* Sources */ = {
			isa = PBXSourcesBuildPhase;
			buildActionMask = 2147483647;
			files = (
				811C38EC1A38DEFC00C7DC69 /* GLInternalModes.m in Sources */,
				811C38F01A38DEFC00C7DC69 /* GLInternalWaveInitialization.m in Sources */,
				8187738319DDB713007E5DA3 /* Quasigeostrophy2D.m in Sources */,
			);
			runOnlyForDeploymentPostprocessing = 0;
		};
		8187736B19DDB421007E5DA3 /* Sources */ = {
			isa = PBXSourcesBuildPhase;
			buildActionMask = 2147483647;
			files = (
			);
			runOnlyForDeploymentPostprocessing = 0;
		};
/* End PBXSourcesBuildPhase section */

/* Begin PBXTargetDependency section */
		8187735119DDB234007E5DA3 /* PBXTargetDependency */ = {
			isa = PBXTargetDependency;
			target = 8187734219DDB234007E5DA3 /* GLOceanKitFramework */;
			targetProxy = 8187735019DDB234007E5DA3 /* PBXContainerItemProxy */;
		};
		8187737219DDB421007E5DA3 /* PBXTargetDependency */ = {
			isa = PBXTargetDependency;
			target = 8187736419DDB421007E5DA3 /* GLOceanKit */;
			targetProxy = 8187737119DDB421007E5DA3 /* PBXContainerItemProxy */;
		};
/* End PBXTargetDependency section */

/* Begin XCBuildConfiguration section */
		8187735719DDB234007E5DA3 /* Debug */ = {
			isa = XCBuildConfiguration;
			buildSettings = {
				ALWAYS_SEARCH_USER_PATHS = NO;
				CLANG_CXX_LANGUAGE_STANDARD = "gnu++0x";
				CLANG_CXX_LIBRARY = "libc++";
				CLANG_ENABLE_MODULES = YES;
				CLANG_ENABLE_OBJC_ARC = YES;
				CLANG_WARN_BOOL_CONVERSION = YES;
				CLANG_WARN_CONSTANT_CONVERSION = YES;
				CLANG_WARN_DIRECT_OBJC_ISA_USAGE = YES_ERROR;
				CLANG_WARN_EMPTY_BODY = YES;
				CLANG_WARN_ENUM_CONVERSION = YES;
				CLANG_WARN_INT_CONVERSION = YES;
				CLANG_WARN_OBJC_ROOT_CLASS = YES_ERROR;
				CLANG_WARN_UNREACHABLE_CODE = YES;
				CLANG_WARN__DUPLICATE_METHOD_MATCH = YES;
				COPY_PHASE_STRIP = NO;
				CURRENT_PROJECT_VERSION = 1;
				ENABLE_STRICT_OBJC_MSGSEND = YES;
				GCC_C_LANGUAGE_STANDARD = gnu99;
				GCC_DYNAMIC_NO_PIC = NO;
				GCC_OPTIMIZATION_LEVEL = 0;
				GCC_PREPROCESSOR_DEFINITIONS = (
					"DEBUG=1",
					"$(inherited)",
				);
				GCC_SYMBOLS_PRIVATE_EXTERN = NO;
				GCC_WARN_64_TO_32_BIT_CONVERSION = YES;
				GCC_WARN_ABOUT_RETURN_TYPE = YES_ERROR;
				GCC_WARN_UNDECLARED_SELECTOR = YES;
				GCC_WARN_UNINITIALIZED_AUTOS = YES_AGGRESSIVE;
				GCC_WARN_UNUSED_FUNCTION = YES;
				GCC_WARN_UNUSED_VARIABLE = YES;
				MACOSX_DEPLOYMENT_TARGET = 10.9;
				MTL_ENABLE_DEBUG_INFO = YES;
				ONLY_ACTIVE_ARCH = YES;
				SDKROOT = macosx;
				VERSIONING_SYSTEM = "apple-generic";
				VERSION_INFO_PREFIX = "";
			};
			name = Debug;
		};
		8187735819DDB234007E5DA3 /* Release */ = {
			isa = XCBuildConfiguration;
			buildSettings = {
				ALWAYS_SEARCH_USER_PATHS = NO;
				CLANG_CXX_LANGUAGE_STANDARD = "gnu++0x";
				CLANG_CXX_LIBRARY = "libc++";
				CLANG_ENABLE_MODULES = YES;
				CLANG_ENABLE_OBJC_ARC = YES;
				CLANG_WARN_BOOL_CONVERSION = YES;
				CLANG_WARN_CONSTANT_CONVERSION = YES;
				CLANG_WARN_DIRECT_OBJC_ISA_USAGE = YES_ERROR;
				CLANG_WARN_EMPTY_BODY = YES;
				CLANG_WARN_ENUM_CONVERSION = YES;
				CLANG_WARN_INT_CONVERSION = YES;
				CLANG_WARN_OBJC_ROOT_CLASS = YES_ERROR;
				CLANG_WARN_UNREACHABLE_CODE = YES;
				CLANG_WARN__DUPLICATE_METHOD_MATCH = YES;
				COPY_PHASE_STRIP = YES;
				CURRENT_PROJECT_VERSION = 1;
				DEBUG_INFORMATION_FORMAT = "dwarf-with-dsym";
				ENABLE_NS_ASSERTIONS = NO;
				ENABLE_STRICT_OBJC_MSGSEND = YES;
				GCC_C_LANGUAGE_STANDARD = gnu99;
				GCC_WARN_64_TO_32_BIT_CONVERSION = YES;
				GCC_WARN_ABOUT_RETURN_TYPE = YES_ERROR;
				GCC_WARN_UNDECLARED_SELECTOR = YES;
				GCC_WARN_UNINITIALIZED_AUTOS = YES_AGGRESSIVE;
				GCC_WARN_UNUSED_FUNCTION = YES;
				GCC_WARN_UNUSED_VARIABLE = YES;
				MACOSX_DEPLOYMENT_TARGET = 10.9;
				MTL_ENABLE_DEBUG_INFO = NO;
				SDKROOT = macosx;
				VERSIONING_SYSTEM = "apple-generic";
				VERSION_INFO_PREFIX = "";
			};
			name = Release;
		};
		8187735A19DDB234007E5DA3 /* Debug */ = {
			isa = XCBuildConfiguration;
			buildSettings = {
				COMBINE_HIDPI_IMAGES = YES;
				DEFINES_MODULE = YES;
				DYLIB_COMPATIBILITY_VERSION = 1;
				DYLIB_CURRENT_VERSION = 1;
				DYLIB_INSTALL_NAME_BASE = "@rpath";
				FRAMEWORK_SEARCH_PATHS = (
					"$(inherited)",
					"$(USER_LIBRARY_DIR)/Developer/Xcode/DerivedData/GLOceanKit-epgesgudyakbnpcqqfvxlsemhjhd/Build/Products/Debug",
				);
				FRAMEWORK_VERSION = A;
				INFOPLIST_FILE = GLOceanKit/Info.plist;
				INSTALL_PATH = "$(LOCAL_LIBRARY_DIR)/Frameworks";
				LD_RUNPATH_SEARCH_PATHS = "$(inherited) @executable_path/../Frameworks @loader_path/Frameworks";
				PRODUCT_NAME = GLOceanKit;
				SKIP_INSTALL = YES;
			};
			name = Debug;
		};
		8187735B19DDB234007E5DA3 /* Release */ = {
			isa = XCBuildConfiguration;
			buildSettings = {
				COMBINE_HIDPI_IMAGES = YES;
				DEFINES_MODULE = YES;
				DYLIB_COMPATIBILITY_VERSION = 1;
				DYLIB_CURRENT_VERSION = 1;
				DYLIB_INSTALL_NAME_BASE = "@rpath";
				FRAMEWORK_SEARCH_PATHS = (
					"$(inherited)",
					"$(USER_LIBRARY_DIR)/Developer/Xcode/DerivedData/GLOceanKit-epgesgudyakbnpcqqfvxlsemhjhd/Build/Products/Debug",
				);
				FRAMEWORK_VERSION = A;
				INFOPLIST_FILE = GLOceanKit/Info.plist;
				INSTALL_PATH = "$(LOCAL_LIBRARY_DIR)/Frameworks";
				LD_RUNPATH_SEARCH_PATHS = "$(inherited) @executable_path/../Frameworks @loader_path/Frameworks";
				PRODUCT_NAME = GLOceanKit;
				SKIP_INSTALL = YES;
			};
			name = Release;
		};
		8187735D19DDB234007E5DA3 /* Debug */ = {
			isa = XCBuildConfiguration;
			buildSettings = {
				COMBINE_HIDPI_IMAGES = YES;
				FRAMEWORK_SEARCH_PATHS = (
					"$(DEVELOPER_FRAMEWORKS_DIR)",
					"$(inherited)",
				);
				GCC_PREPROCESSOR_DEFINITIONS = (
					"DEBUG=1",
					"$(inherited)",
				);
				INFOPLIST_FILE = GLOceanKitTests/Info.plist;
				LD_RUNPATH_SEARCH_PATHS = "$(inherited) @executable_path/../Frameworks @loader_path/../Frameworks";
				PRODUCT_NAME = "$(TARGET_NAME)";
			};
			name = Debug;
		};
		8187735E19DDB234007E5DA3 /* Release */ = {
			isa = XCBuildConfiguration;
			buildSettings = {
				COMBINE_HIDPI_IMAGES = YES;
				FRAMEWORK_SEARCH_PATHS = (
					"$(DEVELOPER_FRAMEWORKS_DIR)",
					"$(inherited)",
				);
				INFOPLIST_FILE = GLOceanKitTests/Info.plist;
				LD_RUNPATH_SEARCH_PATHS = "$(inherited) @executable_path/../Frameworks @loader_path/../Frameworks";
				PRODUCT_NAME = "$(TARGET_NAME)";
			};
			name = Release;
		};
		8187737719DDB421007E5DA3 /* Debug */ = {
			isa = XCBuildConfiguration;
			buildSettings = {
				COMBINE_HIDPI_IMAGES = YES;
				DYLIB_COMPATIBILITY_VERSION = 1;
				DYLIB_CURRENT_VERSION = 1;
				EXECUTABLE_PREFIX = "";
				GCC_PREPROCESSOR_DEFINITIONS = (
					"DEBUG=1",
					"$(inherited)",
				);
				HEADER_SEARCH_PATHS = (
					"$(inherited)",
					"/Applications/Xcode\\ 6.1b3.app/Contents/Developer/Toolchains/XcodeDefault.xctoolchain/usr/include",
					"$(BUILT_PRODUCTS_DIR)/usr/local/include",
				);
				LIBRARY_SEARCH_PATHS = "$(inherited)";
				PRODUCT_NAME = "$(TARGET_NAME)";
				PUBLIC_HEADERS_FOLDER_PATH = /usr/local/include/GLOceanKit;
			};
			name = Debug;
		};
		8187737819DDB421007E5DA3 /* Release */ = {
			isa = XCBuildConfiguration;
			buildSettings = {
				COMBINE_HIDPI_IMAGES = YES;
				DYLIB_COMPATIBILITY_VERSION = 1;
				DYLIB_CURRENT_VERSION = 1;
				EXECUTABLE_PREFIX = "";
				HEADER_SEARCH_PATHS = (
					"$(inherited)",
					"/Applications/Xcode\\ 6.1b3.app/Contents/Developer/Toolchains/XcodeDefault.xctoolchain/usr/include",
					"$(BUILT_PRODUCTS_DIR)/usr/local/include",
				);
				LIBRARY_SEARCH_PATHS = "$(inherited)";
				PRODUCT_NAME = "$(TARGET_NAME)";
				PUBLIC_HEADERS_FOLDER_PATH = /usr/local/include/GLOceanKit;
			};
			name = Release;
		};
		8187737A19DDB421007E5DA3 /* Debug */ = {
			isa = XCBuildConfiguration;
			buildSettings = {
				COMBINE_HIDPI_IMAGES = YES;
				FRAMEWORK_SEARCH_PATHS = (
					"$(DEVELOPER_FRAMEWORKS_DIR)",
					"$(inherited)",
				);
				GCC_PREPROCESSOR_DEFINITIONS = (
					"DEBUG=1",
					"$(inherited)",
				);
				INFOPLIST_FILE = GLOceanKitTests/Info.plist;
				LD_RUNPATH_SEARCH_PATHS = "$(inherited) @executable_path/../Frameworks @loader_path/../Frameworks";
				PRODUCT_NAME = "$(TARGET_NAME)";
			};
			name = Debug;
		};
		8187737B19DDB421007E5DA3 /* Release */ = {
			isa = XCBuildConfiguration;
			buildSettings = {
				COMBINE_HIDPI_IMAGES = YES;
				FRAMEWORK_SEARCH_PATHS = (
					"$(DEVELOPER_FRAMEWORKS_DIR)",
					"$(inherited)",
				);
				INFOPLIST_FILE = GLOceanKitTests/Info.plist;
				LD_RUNPATH_SEARCH_PATHS = "$(inherited) @executable_path/../Frameworks @loader_path/../Frameworks";
				PRODUCT_NAME = "$(TARGET_NAME)";
			};
			name = Release;
		};
/* End XCBuildConfiguration section */

/* Begin XCConfigurationList section */
		8187733D19DDB233007E5DA3 /* Build configuration list for PBXProject "GLOceanKit" */ = {
			isa = XCConfigurationList;
			buildConfigurations = (
				8187735719DDB234007E5DA3 /* Debug */,
				8187735819DDB234007E5DA3 /* Release */,
			);
			defaultConfigurationIsVisible = 0;
			defaultConfigurationName = Release;
		};
		8187735919DDB234007E5DA3 /* Build configuration list for PBXNativeTarget "GLOceanKitFramework" */ = {
			isa = XCConfigurationList;
			buildConfigurations = (
				8187735A19DDB234007E5DA3 /* Debug */,
				8187735B19DDB234007E5DA3 /* Release */,
			);
			defaultConfigurationIsVisible = 0;
			defaultConfigurationName = Release;
		};
		8187735C19DDB234007E5DA3 /* Build configuration list for PBXNativeTarget "GLOceanKitTests" */ = {
			isa = XCConfigurationList;
			buildConfigurations = (
				8187735D19DDB234007E5DA3 /* Debug */,
				8187735E19DDB234007E5DA3 /* Release */,
			);
			defaultConfigurationIsVisible = 0;
			defaultConfigurationName = Release;
		};
		8187737619DDB421007E5DA3 /* Build configuration list for PBXNativeTarget "GLOceanKit" */ = {
			isa = XCConfigurationList;
			buildConfigurations = (
				8187737719DDB421007E5DA3 /* Debug */,
				8187737819DDB421007E5DA3 /* Release */,
			);
			defaultConfigurationIsVisible = 0;
			defaultConfigurationName = Release;
		};
		8187737919DDB421007E5DA3 /* Build configuration list for PBXNativeTarget "GLOceanKitTests" */ = {
			isa = XCConfigurationList;
			buildConfigurations = (
				8187737A19DDB421007E5DA3 /* Debug */,
				8187737B19DDB421007E5DA3 /* Release */,
			);
			defaultConfigurationIsVisible = 0;
			defaultConfigurationName = Release;
		};
/* End XCConfigurationList section */
	};
	rootObject = 8187733A19DDB233007E5DA3 /* Project object */;
}
